// !$*UTF8*$!
{
	archiveVersion = 1;
	classes = {
	};
	objectVersion = 42;
	objects = {

/* Begin PBXBuildFile section */
		A0030F63119EC029008ABF47 /* OpenGL.framework in Frameworks */ = {isa = PBXBuildFile; fileRef = A0030F62119EC029008ABF47 /* OpenGL.framework */; };
		A0030F67119EC040008ABF47 /* GLUT.framework in Frameworks */ = {isa = PBXBuildFile; fileRef = A0030F66119EC040008ABF47 /* GLUT.framework */; };
		A0030F7B119EC065008ABF47 /* test_01.cpp in Sources */ = {isa = PBXBuildFile; fileRef = A0030F57119EBFDC008ABF47 /* test_01.cpp */; };
/* End PBXBuildFile section */

/* Begin PBXFileReference section */
		A0030F57119EBFDC008ABF47 /* test_01.cpp */ = {isa = PBXFileReference; fileEncoding = 4; lastKnownFileType = sourcecode.cpp.cpp; path = test_01.cpp; sourceTree = "<group>"; };
		A0030F5C119EC012008ABF47 /* OpenGL */ = {isa = PBXFileReference; explicitFileType = "compiled.mach-o.executable"; includeInIndex = 0; path = OpenGL; sourceTree = BUILT_PRODUCTS_DIR; };
		A0030F62119EC029008ABF47 /* OpenGL.framework */ = {isa = PBXFileReference; lastKnownFileType = wrapper.framework; name = OpenGL.framework; path = /System/Library/Frameworks/OpenGL.framework; sourceTree = "<absolute>"; };
		A0030F66119EC040008ABF47 /* GLUT.framework */ = {isa = PBXFileReference; lastKnownFileType = wrapper.framework; name = GLUT.framework; path = /System/Library/Frameworks/GLUT.framework; sourceTree = "<absolute>"; };
/* End PBXFileReference section */

/* Begin PBXFrameworksBuildPhase section */
		A0030F5A119EC012008ABF47 /* Frameworks */ = {
			isa = PBXFrameworksBuildPhase;
			buildActionMask = 2147483647;
			files = (
				A0030F63119EC029008ABF47 /* OpenGL.framework in Frameworks */,
				A0030F67119EC040008ABF47 /* GLUT.framework in Frameworks */,
			);
			runOnlyForDeploymentPostprocessing = 0;
		};
/* End PBXFrameworksBuildPhase section */

/* Begin PBXGroup section */
		A0030F2E119EBD7B008ABF47 = {
			isa = PBXGroup;
			children = (
				A0030F57119EBFDC008ABF47 /* test_01.cpp */,
				A0030F5D119EC012008ABF47 /* Products */,
				A0030F62119EC029008ABF47 /* OpenGL.framework */,
				A0030F66119EC040008ABF47 /* GLUT.framework */,
			);
			sourceTree = "<group>";
		};
		A0030F5D119EC012008ABF47 /* Products */ = {
			isa = PBXGroup;
			children = (
				A0030F5C119EC012008ABF47 /* OpenGL */,
			);
			name = Products;
			sourceTree = "<group>";
		};
/* End PBXGroup section */

/* Begin PBXNativeTarget section */
		A0030F5B119EC012008ABF47 /* OpenGL */ = {
			isa = PBXNativeTarget;
			buildConfigurationList = A0030F61119EC013008ABF47 /* Build configuration list for PBXNativeTarget "OpenGL" */;
			buildPhases = (
				A0030F59119EC012008ABF47 /* Sources */,
				A0030F5A119EC012008ABF47 /* Frameworks */,
			);
			buildRules = (
			);
			dependencies = (
			);
			name = OpenGL;
			productName = OpenGL;
			productReference = A0030F5C119EC012008ABF47 /* OpenGL */;
			productType = "com.apple.product-type.tool";
		};
/* End PBXNativeTarget section */

/* Begin PBXProject section */
		A0030F30119EBD7B008ABF47 /* Project object */ = {
			isa = PBXProject;
			buildConfigurationList = A0030F33119EBD7B008ABF47 /* Build configuration list for PBXProject "OpenGL" */;
			compatibilityVersion = "Xcode 2.4";
			hasScannedForEncodings = 0;
			mainGroup = A0030F2E119EBD7B008ABF47;
			productRefGroup = A0030F5D119EC012008ABF47 /* Products */;
			projectDirPath = "";
			projectRoot = "";
			targets = (
				A0030F5B119EC012008ABF47 /* OpenGL */,
			);
		};
/* End PBXProject section */

/* Begin PBXSourcesBuildPhase section */
		A0030F59119EC012008ABF47 /* Sources */ = {
			isa = PBXSourcesBuildPhase;
			buildActionMask = 2147483647;
			files = (
				A0030F7B119EC065008ABF47 /* test_01.cpp in Sources */,
			);
			runOnlyForDeploymentPostprocessing = 0;
		};
/* End PBXSourcesBuildPhase section */

/* Begin XCBuildConfiguration section */
		A0030F31119EBD7B008ABF47 /* Debug */ = {
			isa = XCBuildConfiguration;
			buildSettings = {
				COPY_PHASE_STRIP = NO;
			};
			name = Debug;
		};
		A0030F32119EBD7B008ABF47 /* Release */ = {
			isa = XCBuildConfiguration;
			buildSettings = {
				COPY_PHASE_STRIP = YES;
			};
			name = Release;
		};
		A0030F5F119EC013008ABF47 /* Debug */ = {
			isa = XCBuildConfiguration;
			buildSettings = {
				ALWAYS_SEARCH_USER_PATHS = NO;
				COPY_PHASE_STRIP = NO;
				GCC_DYNAMIC_NO_PIC = NO;
				GCC_ENABLE_FIX_AND_CONTINUE = YES;
				GCC_MODEL_TUNING = G5;
				GCC_OPTIMIZATION_LEVEL = 0;
				INSTALL_PATH = /usr/local/bin;
				PREBINDING = NO;
				PRODUCT_NAME = OpenGL;
			};
			name = Debug;
		};
		A0030F60119EC013008ABF47 /* Release */ = {
			isa = XCBuildConfiguration;
			buildSettings = {
				ALWAYS_SEARCH_USER_PATHS = NO;
				COPY_PHASE_STRIP = YES;
				DEBUG_INFORMATION_FORMAT = "dwarf-with-dsym";
				GCC_ENABLE_FIX_AND_CONTINUE = NO;
				GCC_MODEL_TUNING = G5;
				INSTALL_PATH = /usr/local/bin;
				PREBINDING = NO;
				PRODUCT_NAME = OpenGL;
				ZERO_LINK = NO;
			};
			name = Release;
		};
/* End XCBuildConfiguration section */

/* Begin XCConfigurationList section */
		A0030F33119EBD7B008ABF47 /* Build configuration list for PBXProject "OpenGL" */ = {
			isa = XCConfigurationList;
			buildConfigurations = (
				A0030F31119EBD7B008ABF47 /* Debug */,
				A0030F32119EBD7B008ABF47 /* Release */,
			);
			defaultConfigurationIsVisible = 0;
			defaultConfigurationName = Release;
		};
		A0030F61119EC013008ABF47 /* Build configuration list for PBXNativeTarget "OpenGL" */ = {
			isa = XCConfigurationList;
			buildConfigurations = (
				A0030F5F119EC013008ABF47 /* Debug */,
				A0030F60119EC013008ABF47 /* Release */,
			);
			defaultConfigurationIsVisible = 0;
			defaultConfigurationName = Release;
		};
/* End XCConfigurationList section */
	};
	rootObject = A0030F30119EBD7B008ABF47 /* Project object */;
}
